Microsoft Visual Studio Solution File, Format Version 12.00
# Visual Studio Version 17
VisualStudioVersion = 17.5.2.0
MinimumVisualStudioVersion = 10.0.40219.1
Project("{FAE04EC0-301F-11D3-BF4B-00C04F79EFBC}") = "tom", "tom.csproj", "{23EDBFC9-2886-3030-2DED-D437C081D224}"
EndProject
Global
	GlobalSection(SolutionConfigurationPlatforms) = preSolution
		Debug|Any CPU = Debug|Any CPU
		Release|Any CPU = Release|Any CPU
	EndGlobalSection
	GlobalSection(ProjectConfigurationPlatforms) = postSolution
		{23EDBFC9-2886-3030-2DED-D437C081D224}.Debug|Any CPU.ActiveCfg = Debug|Any CPU
		{23EDBFC9-2886-3030-2DED-D437C081D224}.Debug|Any CPU.Build.0 = Debug|Any CPU
		{23EDBFC9-2886-3030-2DED-D437C081D224}.Release|Any CPU.ActiveCfg = Release|Any CPU
		{23EDBFC9-2886-3030-2DED-D437C081D224}.Release|Any CPU.Build.0 = Release|Any CPU
	EndGlobalSection
	GlobalSection(SolutionProperties) = preSolution
		HideSolutionNode = FALSE
	EndGlobalSection
	GlobalSection(ExtensibilityGlobals) = postSolution
		SolutionGuid = {86CBCB02-376D-4CA9-BD93-91C6E99F618A}
	EndGlobalSection
EndGlobal
